
Microsoft Visual Studio Solution File, Format Version 11.00
# Visual Studio 2010
Project("{FAE04EC0-301F-11D3-BF4B-00C04F79EFBC}") = "com.rlabrecque.steamworks.net", "com.rlabrecque.steamworks.net.csproj", "{b7b982c3-7c54-56a3-5f1c-d97bf4a078e4}"
EndProject
Project("{FAE04EC0-301F-11D3-BF4B-00C04F79EFBC}") = "Assembly-CSharp", "Assembly-CSharp.csproj", "{bdba9549-3b44-8a1b-0cab-653309aa9003}"
EndProject
Project("{FAE04EC0-301F-11D3-BF4B-00C04F79EFBC}") = "Assembly-CSharp-Editor", "Assembly-CSharp-Editor.csproj", "{28738625-6caa-f9ea-16a4-d358ca35bdda}"
EndProject
Project("{FAE04EC0-301F-11D3-BF4B-00C04F79EFBC}") = "com.rlabrecque.steamworks.net.editor", "com.rlabrecque.steamworks.net.editor.csproj", "{6848adcb-58eb-0e78-72e6-7440a7604d03}"
EndProject
Global
	GlobalSection(SolutionConfigurationPlatforms) = preSolution
		Debug|Any CPU = Debug|Any CPU
	EndGlobalSection
	GlobalSection(ProjectConfigurationPlatforms) = postSolution
		{b7b982c3-7c54-56a3-5f1c-d97bf4a078e4}.Debug|Any CPU.ActiveCfg = Debug|Any CPU
		{b7b982c3-7c54-56a3-5f1c-d97bf4a078e4}.Debug|Any CPU.Build.0 = Debug|Any CPU
		{bdba9549-3b44-8a1b-0cab-653309aa9003}.Debug|Any CPU.ActiveCfg = Debug|Any CPU
		{bdba9549-3b44-8a1b-0cab-653309aa9003}.Debug|Any CPU.Build.0 = Debug|Any CPU
		{28738625-6caa-f9ea-16a4-d358ca35bdda}.Debug|Any CPU.ActiveCfg = Debug|Any CPU
		{28738625-6caa-f9ea-16a4-d358ca35bdda}.Debug|Any CPU.Build.0 = Debug|Any CPU
		{6848adcb-58eb-0e78-72e6-7440a7604d03}.Debug|Any CPU.ActiveCfg = Debug|Any CPU
		{6848adcb-58eb-0e78-72e6-7440a7604d03}.Debug|Any CPU.Build.0 = Debug|Any CPU
	EndGlobalSection
	GlobalSection(SolutionProperties) = preSolution
		HideSolutionNode = FALSE
	EndGlobalSection
EndGlobal
